Microsoft Visual Studio Solution File, Format Version 12.00
# Visual Studio Version 17
VisualStudioVersion = 17.5.2.0
MinimumVisualStudioVersion = 10.0.40219.1
Project("{2150E333-8FDC-42A3-9474-1A3956D46DE8}") = "examples", "examples", "{B36A84DF-456D-A817-6EDD-3EC3E7F6E11F}"
EndProject
Project("{FAE04EC0-301F-11D3-BF4B-00C04F79EFBC}") = "net-core", "net-core\net-core.csproj", "{948D35FD-0FEB-5B70-1B51-99F31D35A531}"
EndProject
Global
	GlobalSection(SolutionConfigurationPlatforms) = preSolution
		Debug|Any CPU = Debug|Any CPU
		Release|Any CPU = Release|Any CPU
	EndGlobalSection
	GlobalSection(ProjectConfigurationPlatforms) = postSolution
		{948D35FD-0FEB-5B70-1B51-99F31D35A531}.Debug|Any CPU.ActiveCfg = Debug|Any CPU
		{948D35FD-0FEB-5B70-1B51-99F31D35A531}.Debug|Any CPU.Build.0 = Debug|Any CPU
		{948D35FD-0FEB-5B70-1B51-99F31D35A531}.Release|Any CPU.ActiveCfg = Release|Any CPU
		{948D35FD-0FEB-5B70-1B51-99F31D35A531}.Release|Any CPU.Build.0 = Release|Any CPU
	EndGlobalSection
	GlobalSection(SolutionProperties) = preSolution
		HideSolutionNode = FALSE
	EndGlobalSection
	GlobalSection(NestedProjects) = preSolution
		{948D35FD-0FEB-5B70-1B51-99F31D35A531} = {B36A84DF-456D-A817-6EDD-3EC3E7F6E11F}
	EndGlobalSection
	GlobalSection(ExtensibilityGlobals) = postSolution
		SolutionGuid = {E6E918C2-34D9-410B-B9E4-0BF9822E2C2F}
	EndGlobalSection
EndGlobal
