{
  "name": "nodejs",
  "version": "1.0.0",
  "lockfileVersion": 3,
  "requires": true,
  "packages": {
    "": {
      "name": "nodejs",
      "version": "1.0.0",
      "license": "ISC",
      "dependencies": {
        "@extism/extism": "^2.0.0-rc13"
      }
    },
    "node_modules/@extism/extism": {
      "version": "2.0.0-rc13",
      "resolved": "https://registry.npmjs.org/@extism/extism/-/extism-2.0.0-rc13.tgz",
      "integrity": "sha512-iQ3mrPKOC0WMZ94fuJrKbJmMyz4LQ9Abf8gd4F5ShxKWa+cRKcVzk0EqRQsp5xXsQ2dO3zJTiA6eTc4Ihf7k+A==",
      "license": "BSD-3-Clause"
    }
  }
}
